
Microsoft Visual Studio Solution File, Format Version 12.00
# Visual Studio 15
VisualStudioVersion = 15.0.26127.3
MinimumVisualStudioVersion = 10.0.40219.1
Project("{FAE04EC0-301F-11D3-BF4B-00C04F79EFBC}") = "Mesnet", "Mesnet\Mesnet.csproj", "{F5B8C086-AE3F-4896-97AA-2C26E40C8CB1}"
EndProject
Project("{FAE04EC0-301F-11D3-BF4B-00C04F79EFBC}") = "TestConsole", "TestConsole\TestConsole.csproj", "{25F6211F-4998-4542-88CA-7E6E118C2473}"
EndProject
Global
	GlobalSection(SolutionConfigurationPlatforms) = preSolution
		Debug|Any CPU = Debug|Any CPU
		Debug|x64 = Debug|x64
		Release|Any CPU = Release|Any CPU
		Release|x64 = Release|x64
	EndGlobalSection
	GlobalSection(ProjectConfigurationPlatforms) = postSolution
		{F5B8C086-AE3F-4896-97AA-2C26E40C8CB1}.Debug|Any CPU.ActiveCfg = Debug|Any CPU
		{F5B8C086-AE3F-4896-97AA-2C26E40C8CB1}.Debug|Any CPU.Build.0 = Debug|Any CPU
		{F5B8C086-AE3F-4896-97AA-2C26E40C8CB1}.Debug|x64.ActiveCfg = Debug|x64
		{F5B8C086-AE3F-4896-97AA-2C26E40C8CB1}.Debug|x64.Build.0 = Debug|x64
		{F5B8C086-AE3F-4896-97AA-2C26E40C8CB1}.Release|Any CPU.ActiveCfg = Release|Any CPU
		{F5B8C086-AE3F-4896-97AA-2C26E40C8CB1}.Release|Any CPU.Build.0 = Release|Any CPU
		{F5B8C086-AE3F-4896-97AA-2C26E40C8CB1}.Release|x64.ActiveCfg = Release|x64
		{F5B8C086-AE3F-4896-97AA-2C26E40C8CB1}.Release|x64.Build.0 = Release|x64
		{25F6211F-4998-4542-88CA-7E6E118C2473}.Debug|Any CPU.ActiveCfg = Debug|Any CPU
		{25F6211F-4998-4542-88CA-7E6E118C2473}.Debug|Any CPU.Build.0 = Debug|Any CPU
		{25F6211F-4998-4542-88CA-7E6E118C2473}.Debug|x64.ActiveCfg = Debug|Any CPU
		{25F6211F-4998-4542-88CA-7E6E118C2473}.Debug|x64.Build.0 = Debug|Any CPU
		{25F6211F-4998-4542-88CA-7E6E118C2473}.Release|Any CPU.ActiveCfg = Release|Any CPU
		{25F6211F-4998-4542-88CA-7E6E118C2473}.Release|Any CPU.Build.0 = Release|Any CPU
		{25F6211F-4998-4542-88CA-7E6E118C2473}.Release|x64.ActiveCfg = Release|Any CPU
		{25F6211F-4998-4542-88CA-7E6E118C2473}.Release|x64.Build.0 = Release|Any CPU
	EndGlobalSection
	GlobalSection(SolutionProperties) = preSolution
		HideSolutionNode = FALSE
	EndGlobalSection
	GlobalSection(ExtensibilityGlobals) = postSolution
		SolutionGuid = {8D9E610B-91B8-4855-926B-4541AFEFF5D0}
	EndGlobalSection
EndGlobal
